{
  "version": 4,
  "terraform_version": "1.9.8",
  "serial": 6,
  "lineage": "83cd2e88-7f6f-f0f5-a69c-ed17c7ad2917",
  "outputs": {
    "modelizeit_url": {
      "value": "https://184.72.156.152",
      "type": "string"
    }
  },
  "resources": [
    {
      "mode": "data",
      "type": "aws_ami",
      "name": "windows",
      "provider": "provider[\"registry.terraform.io/hashicorp/aws\"]",
      "instances": [
        {
          "schema_version": 0,
          "attributes": {
            "architecture": "x86_64",
            "arn": "arn:aws:ec2:us-east-1::image/ami-0d0e8b294f5fa3e60",
            "block_device_mappings": [
              {
                "device_name": "/dev/sda1",
                "ebs": {
                  "delete_on_termination": "true",
                  "encrypted": "false",
                  "iops": "0",
                  "snapshot_id": "snap-0ef9f40bb7cb59f0c",
                  "throughput": "0",
                  "volume_size": "30",
                  "volume_type": "gp2"
                },
                "no_device": "",
                "virtual_name": ""
              },
              {
                "device_name": "xvdca",
                "ebs": {},
                "no_device": "",
                "virtual_name": "ephemeral0"
              },
              {
                "device_name": "xvdcb",
                "ebs": {},
                "no_device": "",
                "virtual_name": "ephemeral1"
              },
              {
                "device_name": "xvdcc",
                "ebs": {},
                "no_device": "",
                "virtual_name": "ephemeral2"
              },
              {
                "device_name": "xvdcd",
                "ebs": {},
                "no_device": "",
                "virtual_name": "ephemeral3"
              },
              {
                "device_name": "xvdce",
                "ebs": {},
                "no_device": "",
                "virtual_name": "ephemeral4"
              },
              {
                "device_name": "xvdcf",
                "ebs": {},
                "no_device": "",
                "virtual_name": "ephemeral5"
              },
              {
                "device_name": "xvdcg",
                "ebs": {},
                "no_device": "",
                "virtual_name": "ephemeral6"
              },
              {
                "device_name": "xvdch",
                "ebs": {},
                "no_device": "",
                "virtual_name": "ephemeral7"
              },
              {
                "device_name": "xvdci",
                "ebs": {},
                "no_device": "",
                "virtual_name": "ephemeral8"
              },
              {
                "device_name": "xvdcj",
                "ebs": {},
                "no_device": "",
                "virtual_name": "ephemeral9"
              },
              {
                "device_name": "xvdck",
                "ebs": {},
                "no_device": "",
                "virtual_name": "ephemeral10"
              },
              {
                "device_name": "xvdcl",
                "ebs": {},
                "no_device": "",
                "virtual_name": "ephemeral11"
              },
              {
                "device_name": "xvdcm",
                "ebs": {},
                "no_device": "",
                "virtual_name": "ephemeral12"
              },
              {
                "device_name": "xvdcn",
                "ebs": {},
                "no_device": "",
                "virtual_name": "ephemeral13"
              },
              {
                "device_name": "xvdco",
                "ebs": {},
                "no_device": "",
                "virtual_name": "ephemeral14"
              },
              {
                "device_name": "xvdcp",
                "ebs": {},
                "no_device": "",
                "virtual_name": "ephemeral15"
              },
              {
                "device_name": "xvdcq",
                "ebs": {},
                "no_device": "",
                "virtual_name": "ephemeral16"
              },
              {
                "device_name": "xvdcr",
                "ebs": {},
                "no_device": "",
                "virtual_name": "ephemeral17"
              },
              {
                "device_name": "xvdcs",
                "ebs": {},
                "no_device": "",
                "virtual_name": "ephemeral18"
              },
              {
                "device_name": "xvdct",
                "ebs": {},
                "no_device": "",
                "virtual_name": "ephemeral19"
              },
              {
                "device_name": "xvdcu",
                "ebs": {},
                "no_device": "",
                "virtual_name": "ephemeral20"
              },
              {
                "device_name": "xvdcv",
                "ebs": {},
                "no_device": "",
                "virtual_name": "ephemeral21"
              },
              {
                "device_name": "xvdcw",
                "ebs": {},
                "no_device": "",
                "virtual_name": "ephemeral22"
              },
              {
                "device_name": "xvdcx",
                "ebs": {},
                "no_device": "",
                "virtual_name": "ephemeral23"
              },
              {
                "device_name": "xvdcy",
                "ebs": {},
                "no_device": "",
                "virtual_name": "ephemeral24"
              },
              {
                "device_name": "xvdcz",
                "ebs": {},
                "no_device": "",
                "virtual_name": "ephemeral25"
              }
            ],
            "boot_mode": "",
            "creation_date": "2024-11-14T01:28:59.000Z",
            "deprecation_time": "2026-11-14T01:28:59.000Z",
            "description": "Microsoft Windows Server 2019 with Desktop Experience Locale English AMI provided by Amazon",
            "ena_support": true,
            "executable_users": null,
            "filter": [
              {
                "name": "name",
                "values": [
                  "Windows_Server-2019-English-Full-Base-*"
                ]
              },
              {
                "name": "virtualization-type",
                "values": [
                  "hvm"
                ]
              }
            ],
            "hypervisor": "xen",
            "id": "ami-0d0e8b294f5fa3e60",
            "image_id": "ami-0d0e8b294f5fa3e60",
            "image_location": "amazon/Windows_Server-2019-English-Full-Base-2024.11.13",
            "image_owner_alias": "amazon",
            "image_type": "machine",
            "imds_support": "",
            "include_deprecated": false,
            "kernel_id": "",
            "most_recent": true,
            "name": "Windows_Server-2019-English-Full-Base-2024.11.13",
            "name_regex": null,
            "owner_id": "801119661308",
            "owners": [
              "801119661308"
            ],
            "platform": "windows",
            "platform_details": "Windows",
            "product_codes": [],
            "public": true,
            "ramdisk_id": "",
            "root_device_name": "/dev/sda1",
            "root_device_type": "ebs",
            "root_snapshot_id": "snap-0ef9f40bb7cb59f0c",
            "sriov_net_support": "simple",
            "state": "available",
            "state_reason": {
              "code": "UNSET",
              "message": "UNSET"
            },
            "tags": {},
            "timeouts": null,
            "tpm_support": "",
            "usage_operation": "RunInstances:0002",
            "virtualization_type": "hvm"
          },
          "sensitive_attributes": []
        }
      ]
    },
    {
      "mode": "managed",
      "type": "aws_eip",
      "name": "instance_eip",
      "provider": "provider[\"registry.terraform.io/hashicorp/aws\"]",
      "instances": [
        {
          "schema_version": 0,
          "attributes": {
            "address": null,
            "allocation_id": "eipalloc-0e6889d8f4ba9f4ea",
            "arn": "arn:aws:ec2:us-east-1:891377252221:elastic-ip/eipalloc-0e6889d8f4ba9f4ea",
            "associate_with_private_ip": null,
            "association_id": "eipassoc-09e6ab6b5c31644bc",
            "carrier_ip": "",
            "customer_owned_ip": "",
            "customer_owned_ipv4_pool": "",
            "domain": "vpc",
            "id": "eipalloc-0e6889d8f4ba9f4ea",
            "instance": "i-0a6bce33d44c0694a",
            "ipam_pool_id": null,
            "network_border_group": "us-east-1",
            "network_interface": "eni-0d9c5ed311e59d7a2",
            "private_dns": "ip-172-31-31-8.ec2.internal",
            "private_ip": "172.31.31.8",
            "ptr_record": "",
            "public_dns": "ec2-184-72-156-152.compute-1.amazonaws.com",
            "public_ip": "184.72.156.152",
            "public_ipv4_pool": "amazon",
            "tags": null,
            "tags_all": {},
            "timeouts": null,
            "vpc": true
          },
          "sensitive_attributes": [],
          "private": "eyJlMmJmYjczMC1lY2FhLTExZTYtOGY4OC0zNDM2M2JjN2M0YzAiOnsiZGVsZXRlIjoxODAwMDAwMDAwMDAsInJlYWQiOjkwMDAwMDAwMDAwMCwidXBkYXRlIjozMDAwMDAwMDAwMDB9fQ==",
          "dependencies": [
            "aws_instance.windows_instance",
            "aws_key_pair.key_pair",
            "aws_security_group.instance_sg",
            "data.aws_ami.windows",
            "tls_private_key.ssh_key"
          ]
        }
      ]
    },
    {
      "mode": "managed",
      "type": "aws_instance",
      "name": "windows_instance",
      "provider": "provider[\"registry.terraform.io/hashicorp/aws\"]",
      "instances": [
        {
          "schema_version": 1,
          "attributes": {
            "ami": "ami-0d0e8b294f5fa3e60",
            "arn": "arn:aws:ec2:us-east-1:891377252221:instance/i-0a6bce33d44c0694a",
            "associate_public_ip_address": true,
            "availability_zone": "us-east-1b",
            "capacity_reservation_specification": [
              {
                "capacity_reservation_preference": "open",
                "capacity_reservation_target": []
              }
            ],
            "cpu_core_count": 1,
            "cpu_options": [
              {
                "amd_sev_snp": "",
                "core_count": 1,
                "threads_per_core": 1
              }
            ],
            "cpu_threads_per_core": 1,
            "credit_specification": [
              {
                "cpu_credits": "standard"
              }
            ],
            "disable_api_stop": false,
            "disable_api_termination": false,
            "ebs_block_device": [],
            "ebs_optimized": false,
            "enable_primary_ipv6": null,
            "enclave_options": [
              {
                "enabled": false
              }
            ],
            "ephemeral_block_device": [],
            "get_password_data": false,
            "hibernation": false,
            "host_id": "",
            "host_resource_group_arn": null,
            "iam_instance_profile": "",
            "id": "i-0a6bce33d44c0694a",
            "instance_initiated_shutdown_behavior": "stop",
            "instance_lifecycle": "",
            "instance_market_options": [],
            "instance_state": "running",
            "instance_type": "t2.micro",
            "ipv6_address_count": 0,
            "ipv6_addresses": [],
            "key_name": "modelizeit-key",
            "launch_template": [],
            "maintenance_options": [
              {
                "auto_recovery": "default"
              }
            ],
            "metadata_options": [
              {
                "http_endpoint": "enabled",
                "http_protocol_ipv6": "disabled",
                "http_put_response_hop_limit": 1,
                "http_tokens": "optional",
                "instance_metadata_tags": "disabled"
              }
            ],
            "monitoring": false,
            "network_interface": [],
            "outpost_arn": "",
            "password_data": "",
            "placement_group": "",
            "placement_partition_number": 0,
            "primary_network_interface_id": "eni-0d9c5ed311e59d7a2",
            "private_dns": "ip-172-31-31-8.ec2.internal",
            "private_dns_name_options": [
              {
                "enable_resource_name_dns_a_record": false,
                "enable_resource_name_dns_aaaa_record": false,
                "hostname_type": "ip-name"
              }
            ],
            "private_ip": "172.31.31.8",
            "public_dns": "ec2-98-84-150-83.compute-1.amazonaws.com",
            "public_ip": "98.84.150.83",
            "root_block_device": [
              {
                "delete_on_termination": true,
                "device_name": "/dev/sda1",
                "encrypted": false,
                "iops": 100,
                "kms_key_id": "",
                "tags": {},
                "tags_all": {},
                "throughput": 0,
                "volume_id": "vol-0696bd07aca719d35",
                "volume_size": 30,
                "volume_type": "gp2"
              }
            ],
            "secondary_private_ips": [],
            "security_groups": [
              "modelizeit_sg"
            ],
            "source_dest_check": true,
            "spot_instance_request_id": "",
            "subnet_id": "subnet-03cb39d400f0b6cf9",
            "tags": {
              "Name": "ModelizeITGatherer"
            },
            "tags_all": {
              "Name": "ModelizeITGatherer"
            },
            "tenancy": "default",
            "timeouts": null,
            "user_data": "238d4c391724ef2a6bd48c0298b30f8b17f67a0a",
            "user_data_base64": null,
            "user_data_replace_on_change": false,
            "volume_tags": null,
            "vpc_security_group_ids": [
              "sg-0c30c266a6cf7d965"
            ]
          },
          "sensitive_attributes": [],
          "private": "eyJlMmJmYjczMC1lY2FhLTExZTYtOGY4OC0zNDM2M2JjN2M0YzAiOnsiY3JlYXRlIjo2MDAwMDAwMDAwMDAsImRlbGV0ZSI6MTIwMDAwMDAwMDAwMCwicmVhZCI6OTAwMDAwMDAwMDAwLCJ1cGRhdGUiOjYwMDAwMDAwMDAwMH0sInNjaGVtYV92ZXJzaW9uIjoiMSJ9",
          "dependencies": [
            "aws_key_pair.key_pair",
            "aws_security_group.instance_sg",
            "data.aws_ami.windows",
            "tls_private_key.ssh_key"
          ]
        }
      ]
    },
    {
      "mode": "managed",
      "type": "aws_key_pair",
      "name": "key_pair",
      "provider": "provider[\"registry.terraform.io/hashicorp/aws\"]",
      "instances": [
        {
          "schema_version": 1,
          "attributes": {
            "arn": "arn:aws:ec2:us-east-1:891377252221:key-pair/modelizeit-key",
            "fingerprint": "94:08:87:4f:76:eb:0d:7b:15:36:24:6c:1e:47:47:93",
            "id": "modelizeit-key",
            "key_name": "modelizeit-key",
            "key_name_prefix": "",
            "key_pair_id": "key-045acf308d0b338a3",
            "key_type": "rsa",
            "public_key": "ssh-rsa AAAAB3NzaC1yc2EAAAADAQABAAABAQCfndusmWuAXVXs0xL8wAJOvTSi9arIv2h1uxJ5iQ2uSibRMNgTE6hy8DhE8rFgc8KUarklIcfGN3z//P+O8oUwazKKA6taIgFV7wlVvD/HksdbUHfyfGFM71eFgxgex9+UwjHnCGE2gh6GvCQ5VproHMOy7mQ7xu9AoS4qnVRdBjBKG9/EoSM1aez/GlVItv/Cyo9nP5vLtqmLVs4bwUaX/PAI453Fx/5lFmqx80P5Da6z+I280Dk0ylWHwq54tXpqfA0DcItiI4QBJQ10RWCZKvyt51rD7cQwUBF2Iytz6TJad9imhxfxLdVX5WMP2TYcJqXEZosz+lytwh/G2xqd",
            "tags": null,
            "tags_all": {}
          },
          "sensitive_attributes": [],
          "private": "eyJzY2hlbWFfdmVyc2lvbiI6IjEifQ==",
          "dependencies": [
            "tls_private_key.ssh_key"
          ]
        }
      ]
    },
    {
      "mode": "managed",
      "type": "aws_security_group",
      "name": "instance_sg",
      "provider": "provider[\"registry.terraform.io/hashicorp/aws\"]",
      "instances": [
        {
          "schema_version": 1,
          "attributes": {
            "arn": "arn:aws:ec2:us-east-1:891377252221:security-group/sg-0c30c266a6cf7d965",
            "description": "Allow RDP, HTTPS traffic",
            "egress": [
              {
                "cidr_blocks": [
                  "0.0.0.0/0"
                ],
                "description": "",
                "from_port": 0,
                "ipv6_cidr_blocks": [],
                "prefix_list_ids": [],
                "protocol": "-1",
                "security_groups": [],
                "self": false,
                "to_port": 0
              }
            ],
            "id": "sg-0c30c266a6cf7d965",
            "ingress": [
              {
                "cidr_blocks": [
                  "0.0.0.0/0"
                ],
                "description": "Allow HTTPS",
                "from_port": 443,
                "ipv6_cidr_blocks": [],
                "prefix_list_ids": [],
                "protocol": "tcp",
                "security_groups": [],
                "self": false,
                "to_port": 443
              },
              {
                "cidr_blocks": [
                  "0.0.0.0/0"
                ],
                "description": "Allow RDP",
                "from_port": 3389,
                "ipv6_cidr_blocks": [],
                "prefix_list_ids": [],
                "protocol": "tcp",
                "security_groups": [],
                "self": false,
                "to_port": 3389
              }
            ],
            "name": "modelizeit_sg",
            "name_prefix": "",
            "owner_id": "891377252221",
            "revoke_rules_on_delete": false,
            "tags": null,
            "tags_all": {},
            "timeouts": null,
            "vpc_id": "vpc-06f2f42cee386037b"
          },
          "sensitive_attributes": [],
          "private": "eyJlMmJmYjczMC1lY2FhLTExZTYtOGY4OC0zNDM2M2JjN2M0YzAiOnsiY3JlYXRlIjo2MDAwMDAwMDAwMDAsImRlbGV0ZSI6OTAwMDAwMDAwMDAwfSwic2NoZW1hX3ZlcnNpb24iOiIxIn0="
        }
      ]
    },
    {
      "mode": "managed",
      "type": "tls_private_key",
      "name": "ssh_key",
      "provider": "provider[\"registry.terraform.io/hashicorp/tls\"]",
      "instances": [
        {
          "schema_version": 1,
          "attributes": {
            "algorithm": "RSA",
            "ecdsa_curve": "P224",
            "id": "193271e60aaeeefa36831ce5e3563b1eadbd07c9",
            "private_key_openssh": "-----BEGIN OPENSSH PRIVATE KEY-----\nb3BlbnNzaC1rZXktdjEAAAAABG5vbmUAAAAEbm9uZQAAAAAAAAABAAABFwAAAAdz\nc2gtcnNhAAAAAwEAAQAAAQEAn53brJlrgF1V7NMS/MACTr00ovWqyL9odbsSeYkN\nrkom0TDYExOocvA4RPKxYHPClGq5JSHHxjd8//z/jvKFMGsyigOrWiIBVe8JVbw/\nx5LHW1B38nxhTO9XhYMYHsfflMIx5whhNoIehrwkOVaa6BzDsu5kO8bvQKEuKp1U\nXQYwShvfxKEjNWns/xpVSLb/wsqPZz+by7api1bOG8FGl/zwCOOdxcf+ZRZqsfND\n+Q2us/iNvNA5NMpVh8KueLV6anwNA3CLYiOEASUNdEVgmSr8redaw+3EMFARdiMr\nc+kyWnfYpocX8S3VV+VjD9k2HCalxGaLM/pcrcIfxtsanQAAA7gAQ98gAEPfIAAA\nAAdzc2gtcnNhAAABAQCfndusmWuAXVXs0xL8wAJOvTSi9arIv2h1uxJ5iQ2uSibR\nMNgTE6hy8DhE8rFgc8KUarklIcfGN3z//P+O8oUwazKKA6taIgFV7wlVvD/Hksdb\nUHfyfGFM71eFgxgex9+UwjHnCGE2gh6GvCQ5VproHMOy7mQ7xu9AoS4qnVRdBjBK\nG9/EoSM1aez/GlVItv/Cyo9nP5vLtqmLVs4bwUaX/PAI453Fx/5lFmqx80P5Da6z\n+I280Dk0ylWHwq54tXpqfA0DcItiI4QBJQ10RWCZKvyt51rD7cQwUBF2Iytz6TJa\nd9imhxfxLdVX5WMP2TYcJqXEZosz+lytwh/G2xqdAAAAAwEAAQAAAQEAlB5ZDAIS\n0DvM0MfOht1nRsotXku7AC8fMKE4s6+LEoGdI+K/oHRNjNt+W/0avPavSir/RIXk\nbPxw8txECtLi5duUOp7NFAcaVjRL5VObnAeJGCPEKzFg2ZQBE9RjPa0cvV64EDym\neX6l9UICG3NSrLKEqDawrQgeXUs1HDaDYw4z6Nxuc8n3R/b/nPBjT3n9rMViK5jE\nQUENJxRmRjRtCOduks1AAdLCtgdGYLSGICLKU27/bVP5TYWg+1BBbueAX484Dch0\nDXld5AaXa4jg9IBkNFFLc6ysAveidlr5vHm3ROOSI7hCXvGvgQGbNAIFKQYcFzfi\nm9HyKIhpuEL3wQAAAIAWE3KRTZcUgNTO0tcL+ZBzLL6b7F2/Inh4p7b0vIbvxmGP\nCVwgtUgcjUUjYmlvMh0E+cRe0ZuCpuA34Xu6gcPUZIR7moZVlMXC/qvTOnQIIuRG\ncEccG4EkZEawD43lP9Ng1rpnst+8LjXCS0jfvo8rbgMy7NIEd0fAzPhPihaDgwAA\nAIEAzY2RXP2/m3R4cpBpSqp+7qQyiqF2mTHu+jxWz6vSzcxCzhydkXUnkD56Nunk\ngczCWfTsJ0WqcGL1i1eOlt95S3szK/mXdT45DGJ8B8TD+uP0pJjtxgXE0D5kOvRZ\nDn49Wt6a/DQ8waf9lIJqdlhKhVBo1CMt1twfyNaCWKDKZ9sAAACBAMbKNjluWMMD\noLFfvV2YPHTnn26CUjRDagG2LLnUX6y8A/wYm6OWqOW6iaDsYZIzIGJ1qg5i3Fgi\nuVEntkt2T1Bg1vT8pSbAP2p/UsPf/yfkFSu+z2ujUfiGwD05qu3q4W/ngsidWd6S\nySVX7w2gvLhK62TNYwbVCiK3AtDpZWznAAAAAAEC\n-----END OPENSSH PRIVATE KEY-----\n",
            "private_key_pem": "-----BEGIN RSA PRIVATE KEY-----\nMIIEowIBAAKCAQEAn53brJlrgF1V7NMS/MACTr00ovWqyL9odbsSeYkNrkom0TDY\nExOocvA4RPKxYHPClGq5JSHHxjd8//z/jvKFMGsyigOrWiIBVe8JVbw/x5LHW1B3\n8nxhTO9XhYMYHsfflMIx5whhNoIehrwkOVaa6BzDsu5kO8bvQKEuKp1UXQYwShvf\nxKEjNWns/xpVSLb/wsqPZz+by7api1bOG8FGl/zwCOOdxcf+ZRZqsfND+Q2us/iN\nvNA5NMpVh8KueLV6anwNA3CLYiOEASUNdEVgmSr8redaw+3EMFARdiMrc+kyWnfY\npocX8S3VV+VjD9k2HCalxGaLM/pcrcIfxtsanQIDAQABAoIBAQCUHlkMAhLQO8zQ\nx86G3WdGyi1eS7sALx8woTizr4sSgZ0j4r+gdE2M235b/Rq89q9KKv9EheRs/HDy\n3EQK0uLl25Q6ns0UBxpWNEvlU5ucB4kYI8QrMWDZlAET1GM9rRy9XrgQPKZ5fqX1\nQgIbc1KssoSoNrCtCB5dSzUcNoNjDjPo3G5zyfdH9v+c8GNPef2sxWIrmMRBQQ0n\nFGZGNG0I526SzUAB0sK2B0ZgtIYgIspTbv9tU/lNhaD7UEFu54BfjzgNyHQNeV3k\nBpdriOD0gGQ0UUtzrKwC96J2Wvm8ebdE45IjuEJe8a+BAZs0AgUpBhwXN+Kb0fIo\niGm4QvfBAoGBAM2NkVz9v5t0eHKQaUqqfu6kMoqhdpkx7vo8Vs+r0s3MQs4cnZF1\nJ5A+ejbp5IHMwln07CdFqnBi9YtXjpbfeUt7Myv5l3U+OQxifAfEw/rj9KSY7cYF\nxNA+ZDr0WQ5+PVremvw0PMGn/ZSCanZYSoVQaNQjLdbcH8jWgligymfbAoGBAMbK\nNjluWMMDoLFfvV2YPHTnn26CUjRDagG2LLnUX6y8A/wYm6OWqOW6iaDsYZIzIGJ1\nqg5i3FgiuVEntkt2T1Bg1vT8pSbAP2p/UsPf/yfkFSu+z2ujUfiGwD05qu3q4W/n\ngsidWd6SySVX7w2gvLhK62TNYwbVCiK3AtDpZWznAoGAafLyXjActxANlV+CJg5D\nZtYThwk6jDQErc60IE68VX9XX824GeV9AwhxDiT4tz7HXn6zynpKI6ueTLhQsst1\nRca21Y/M1Y3A8fVBYO+25Hbi/oQk6tDGZWADYa/Yx3OiRFhBIoX6Wwcv2YBvR5iy\nsIyFu/J2Ci1j5K1MekpGickCgYAjlgdm+I4DOx8FIbJwktQfyWcNDV9R48+SRt5y\n1cXa0j2UX4NdIZdSqLYCjM5asbRWa+HpeWEglfa+xHEpySAhr3RLnv6hlUDE+84B\nKpQuu/HeRuYyyqXd66F2VGB4/tckhTkwWJrB8Vz4xmkQ83lVNHQ3M11K19Bcro5e\nf6mceQKBgBYTcpFNlxSA1M7S1wv5kHMsvpvsXb8ieHintvS8hu/GYY8JXCC1SByN\nRSNiaW8yHQT5xF7Rm4Km4Dfhe7qBw9RkhHuahlWUxcL+q9M6dAgi5EZwRxwbgSRk\nRrAPjeU/02DWumey37wuNcJLSN++jytuAzLs0gR3R8DM+E+KFoOD\n-----END RSA PRIVATE KEY-----\n",
            "private_key_pem_pkcs8": "-----BEGIN PRIVATE KEY-----\nMIIEvQIBADANBgkqhkiG9w0BAQEFAASCBKcwggSjAgEAAoIBAQCfndusmWuAXVXs\n0xL8wAJOvTSi9arIv2h1uxJ5iQ2uSibRMNgTE6hy8DhE8rFgc8KUarklIcfGN3z/\n/P+O8oUwazKKA6taIgFV7wlVvD/HksdbUHfyfGFM71eFgxgex9+UwjHnCGE2gh6G\nvCQ5VproHMOy7mQ7xu9AoS4qnVRdBjBKG9/EoSM1aez/GlVItv/Cyo9nP5vLtqmL\nVs4bwUaX/PAI453Fx/5lFmqx80P5Da6z+I280Dk0ylWHwq54tXpqfA0DcItiI4QB\nJQ10RWCZKvyt51rD7cQwUBF2Iytz6TJad9imhxfxLdVX5WMP2TYcJqXEZosz+lyt\nwh/G2xqdAgMBAAECggEBAJQeWQwCEtA7zNDHzobdZ0bKLV5LuwAvHzChOLOvixKB\nnSPiv6B0TYzbflv9Grz2r0oq/0SF5Gz8cPLcRArS4uXblDqezRQHGlY0S+VTm5wH\niRgjxCsxYNmUARPUYz2tHL1euBA8pnl+pfVCAhtzUqyyhKg2sK0IHl1LNRw2g2MO\nM+jcbnPJ90f2/5zwY095/azFYiuYxEFBDScUZkY0bQjnbpLNQAHSwrYHRmC0hiAi\nylNu/21T+U2FoPtQQW7ngF+POA3IdA15XeQGl2uI4PSAZDRRS3OsrAL3onZa+bx5\nt0TjkiO4Ql7xr4EBmzQCBSkGHBc34pvR8iiIabhC98ECgYEAzY2RXP2/m3R4cpBp\nSqp+7qQyiqF2mTHu+jxWz6vSzcxCzhydkXUnkD56NunkgczCWfTsJ0WqcGL1i1eO\nlt95S3szK/mXdT45DGJ8B8TD+uP0pJjtxgXE0D5kOvRZDn49Wt6a/DQ8waf9lIJq\ndlhKhVBo1CMt1twfyNaCWKDKZ9sCgYEAxso2OW5YwwOgsV+9XZg8dOefboJSNENq\nAbYsudRfrLwD/Bibo5ao5bqJoOxhkjMgYnWqDmLcWCK5USe2S3ZPUGDW9PylJsA/\nan9Sw9//J+QVK77Pa6NR+IbAPTmq7erhb+eCyJ1Z3pLJJVfvDaC8uErrZM1jBtUK\nIrcC0OllbOcCgYBp8vJeMBy3EA2VX4ImDkNm1hOHCTqMNAStzrQgTrxVf1dfzbgZ\n5X0DCHEOJPi3PsdefrPKekojq55MuFCyy3VFxrbVj8zVjcDx9UFg77bkduL+hCTq\n0MZlYANhr9jHc6JEWEEihfpbBy/ZgG9HmLKwjIW78nYKLWPkrUx6SkaJyQKBgCOW\nB2b4jgM7HwUhsnCS1B/JZw0NX1Hjz5JG3nLVxdrSPZRfg10hl1KotgKMzlqxtFZr\n4el5YSCV9r7EcSnJICGvdEue/qGVQMT7zgEqlC678d5G5jLKpd3roXZUYHj+1ySF\nOTBYmsHxXPjGaRDzeVU0dDczXUrX0Fyujl5/qZx5AoGAFhNykU2XFIDUztLXC/mQ\ncyy+m+xdvyJ4eKe29LyG78ZhjwlcILVIHI1FI2JpbzIdBPnEXtGbgqbgN+F7uoHD\n1GSEe5qGVZTFwv6r0zp0CCLkRnBHHBuBJGRGsA+N5T/TYNa6Z7LfvC41wktI376P\nK24DMuzSBHdHwMz4T4oWg4M=\n-----END PRIVATE KEY-----\n",
            "public_key_fingerprint_md5": "ad:77:5c:0c:51:5e:95:d7:ef:9f:f4:2a:f8:88:a1:39",
            "public_key_fingerprint_sha256": "SHA256:9w8nR6SwEtCyx+dWpGZ25U6Cs5TCmEBuipbTLsNYI4k",
            "public_key_openssh": "ssh-rsa AAAAB3NzaC1yc2EAAAADAQABAAABAQCfndusmWuAXVXs0xL8wAJOvTSi9arIv2h1uxJ5iQ2uSibRMNgTE6hy8DhE8rFgc8KUarklIcfGN3z//P+O8oUwazKKA6taIgFV7wlVvD/HksdbUHfyfGFM71eFgxgex9+UwjHnCGE2gh6GvCQ5VproHMOy7mQ7xu9AoS4qnVRdBjBKG9/EoSM1aez/GlVItv/Cyo9nP5vLtqmLVs4bwUaX/PAI453Fx/5lFmqx80P5Da6z+I280Dk0ylWHwq54tXpqfA0DcItiI4QBJQ10RWCZKvyt51rD7cQwUBF2Iytz6TJad9imhxfxLdVX5WMP2TYcJqXEZosz+lytwh/G2xqd\n",
            "public_key_pem": "-----BEGIN PUBLIC KEY-----\nMIIBIjANBgkqhkiG9w0BAQEFAAOCAQ8AMIIBCgKCAQEAn53brJlrgF1V7NMS/MAC\nTr00ovWqyL9odbsSeYkNrkom0TDYExOocvA4RPKxYHPClGq5JSHHxjd8//z/jvKF\nMGsyigOrWiIBVe8JVbw/x5LHW1B38nxhTO9XhYMYHsfflMIx5whhNoIehrwkOVaa\n6BzDsu5kO8bvQKEuKp1UXQYwShvfxKEjNWns/xpVSLb/wsqPZz+by7api1bOG8FG\nl/zwCOOdxcf+ZRZqsfND+Q2us/iNvNA5NMpVh8KueLV6anwNA3CLYiOEASUNdEVg\nmSr8redaw+3EMFARdiMrc+kyWnfYpocX8S3VV+VjD9k2HCalxGaLM/pcrcIfxtsa\nnQIDAQAB\n-----END PUBLIC KEY-----\n",
            "rsa_bits": 2048
          },
          "sensitive_attributes": [
            [
              {
                "type": "get_attr",
                "value": "private_key_openssh"
              }
            ],
            [
              {
                "type": "get_attr",
                "value": "private_key_pem_pkcs8"
              }
            ],
            [
              {
                "type": "get_attr",
                "value": "private_key_pem"
              }
            ]
          ]
        }
      ]
    }
  ],
  "check_results": null
}
